
Microsoft Visual Studio Solution File, Format Version 12.00
# Visual Studio Version 16
VisualStudioVersion = 16.0.31129.286
MinimumVisualStudioVersion = 10.0.40219.1
Project("{FAE04EC0-301F-11D3-BF4B-00C04F79EFBC}") = "TranslationModel", "TranslationModel\TranslationModel.csproj", "{2076AF28-AF2A-4E32-AF20-50E2E2ABA5DD}"
EndProject
Global
	GlobalSection(SolutionConfigurationPlatforms) = preSolution
		Debug|Any CPU = Debug|Any CPU
		Release|Any CPU = Release|Any CPU
	EndGlobalSection
	GlobalSection(ProjectConfigurationPlatforms) = postSolution
		{2076AF28-AF2A-4E32-AF20-50E2E2ABA5DD}.Debug|Any CPU.ActiveCfg = Debug|Any CPU
		{2076AF28-AF2A-4E32-AF20-50E2E2ABA5DD}.Debug|Any CPU.Build.0 = Debug|Any CPU
		{2076AF28-AF2A-4E32-AF20-50E2E2ABA5DD}.Release|Any CPU.ActiveCfg = Release|Any CPU
		{2076AF28-AF2A-4E32-AF20-50E2E2ABA5DD}.Release|Any CPU.Build.0 = Release|Any CPU
	EndGlobalSection
	GlobalSection(SolutionProperties) = preSolution
		HideSolutionNode = FALSE
	EndGlobalSection
	GlobalSection(ExtensibilityGlobals) = postSolution
		SolutionGuid = {BF62D085-CFB6-4A0E-A8A9-31017C63A2BF}
	EndGlobalSection
EndGlobal
